// !$*UTF8*$!
{
	archiveVersion = 1;
	classes = {
	};
	objectVersion = 51;
	objects = {

/* Begin PBXBuildFile section */
		96EF15019D9DEF540067DF19 /* Pods_Notes_Clone_Realm.framework in Frameworks */ = {isa = PBXBuildFile; fileRef = 1CA6C1CFF872EEBF82BF7B0D /* Pods_Notes_Clone_Realm.framework */; };
		A69D9E0A247193A20041FFFF /* AppDelegate.swift in Sources */ = {isa = PBXBuildFile; fileRef = A69D9E09247193A20041FFFF /* AppDelegate.swift */; };
		A69D9E0C247193A20041FFFF /* SceneDelegate.swift in Sources */ = {isa = PBXBuildFile; fileRef = A69D9E0B247193A20041FFFF /* SceneDelegate.swift */; };
		A69D9E0E247193A20041FFFF /* NoteViewController.swift in Sources */ = {isa = PBXBuildFile; fileRef = A69D9E0D247193A20041FFFF /* NoteViewController.swift */; };
		A69D9E11247193A20041FFFF /* Main.storyboard in Resources */ = {isa = PBXBuildFile; fileRef = A69D9E0F247193A20041FFFF /* Main.storyboard */; };
		A69D9E16247193A70041FFFF /* Assets.xcassets in Resources */ = {isa = PBXBuildFile; fileRef = A69D9E15247193A70041FFFF /* Assets.xcassets */; };
		A69D9E19247193A70041FFFF /* LaunchScreen.storyboard in Resources */ = {isa = PBXBuildFile; fileRef = A69D9E17247193A70041FFFF /* LaunchScreen.storyboard */; };
		A69D9E212471947F0041FFFF /* NotesListViewController.swift in Sources */ = {isa = PBXBuildFile; fileRef = A69D9E202471947F0041FFFF /* NotesListViewController.swift */; };
		A69D9E252471955A0041FFFF /* Constants.swift in Sources */ = {isa = PBXBuildFile; fileRef = A69D9E242471955A0041FFFF /* Constants.swift */; };
		A6BA8032248E8522001B4ED4 /* NotesList.swift in Sources */ = {isa = PBXBuildFile; fileRef = A6BA8031248E8522001B4ED4 /* NotesList.swift */; };
		A6BA8034248E8641001B4ED4 /* Note.swift in Sources */ = {isa = PBXBuildFile; fileRef = A6BA8033248E8641001B4ED4 /* Note.swift */; };
/* End PBXBuildFile section */

/* Begin PBXFileReference section */
		1CA6C1CFF872EEBF82BF7B0D /* Pods_Notes_Clone_Realm.framework */ = {isa = PBXFileReference; explicitFileType = wrapper.framework; includeInIndex = 0; path = Pods_Notes_Clone_Realm.framework; sourceTree = BUILT_PRODUCTS_DIR; };
		A69D9E06247193A20041FFFF /* Notes Clone Realm.app */ = {isa = PBXFileReference; explicitFileType = wrapper.application; includeInIndex = 0; path = "Notes Clone Realm.app"; sourceTree = BUILT_PRODUCTS_DIR; };
		A69D9E09247193A20041FFFF /* AppDelegate.swift */ = {isa = PBXFileReference; lastKnownFileType = sourcecode.swift; path = AppDelegate.swift; sourceTree = "<group>"; };
		A69D9E0B247193A20041FFFF /* SceneDelegate.swift */ = {isa = PBXFileReference; lastKnownFileType = sourcecode.swift; path = SceneDelegate.swift; sourceTree = "<group>"; };
		A69D9E0D247193A20041FFFF /* NoteViewController.swift */ = {isa = PBXFileReference; lastKnownFileType = sourcecode.swift; path = NoteViewController.swift; sourceTree = "<group>"; };
		A69D9E10247193A20041FFFF /* Base */ = {isa = PBXFileReference; lastKnownFileType = file.storyboard; name = Base; path = Base.lproj/Main.storyboard; sourceTree = "<group>"; };
		A69D9E15247193A70041FFFF /* Assets.xcassets */ = {isa = PBXFileReference; lastKnownFileType = folder.assetcatalog; path = Assets.xcassets; sourceTree = "<group>"; };
		A69D9E18247193A70041FFFF /* Base */ = {isa = PBXFileReference; lastKnownFileType = file.storyboard; name = Base; path = Base.lproj/LaunchScreen.storyboard; sourceTree = "<group>"; };
		A69D9E1A247193A70041FFFF /* Info.plist */ = {isa = PBXFileReference; lastKnownFileType = text.plist.xml; path = Info.plist; sourceTree = "<group>"; };
		A69D9E202471947F0041FFFF /* NotesListViewController.swift */ = {isa = PBXFileReference; lastKnownFileType = sourcecode.swift; path = NotesListViewController.swift; sourceTree = "<group>"; };
		A69D9E242471955A0041FFFF /* Constants.swift */ = {isa = PBXFileReference; lastKnownFileType = sourcecode.swift; path = Constants.swift; sourceTree = "<group>"; };
		A6BA8031248E8522001B4ED4 /* NotesList.swift */ = {isa = PBXFileReference; lastKnownFileType = sourcecode.swift; path = NotesList.swift; sourceTree = "<group>"; };
		A6BA8033248E8641001B4ED4 /* Note.swift */ = {isa = PBXFileReference; lastKnownFileType = sourcecode.swift; path = Note.swift; sourceTree = "<group>"; };
		B863D8C803F61B7C0F197C80 /* Pods-Notes Clone Realm.debug.xcconfig */ = {isa = PBXFileReference; includeInIndex = 1; lastKnownFileType = text.xcconfig; name = "Pods-Notes Clone Realm.debug.xcconfig"; path = "Target Support Files/Pods-Notes Clone Realm/Pods-Notes Clone Realm.debug.xcconfig"; sourceTree = "<group>"; };
		EFB7511B4E7B16A5C30D22C8 /* Pods-Notes Clone Realm.release.xcconfig */ = {isa = PBXFileReference; includeInIndex = 1; lastKnownFileType = text.xcconfig; name = "Pods-Notes Clone Realm.release.xcconfig"; path = "Target Support Files/Pods-Notes Clone Realm/Pods-Notes Clone Realm.release.xcconfig"; sourceTree = "<group>"; };
/* End PBXFileReference section */

/* Begin PBXFrameworksBuildPhase section */
		A69D9E03247193A20041FFFF /* Frameworks */ = {
			isa = PBXFrameworksBuildPhase;
			buildActionMask = 2147483647;
			files = (
				96EF15019D9DEF540067DF19 /* Pods_Notes_Clone_Realm.framework in Frameworks */,
			);
			runOnlyForDeploymentPostprocessing = 0;
		};
/* End PBXFrameworksBuildPhase section */

/* Begin PBXGroup section */
		0EF96B7F1619B5F1F463F27B /* Frameworks */ = {
			isa = PBXGroup;
			children = (
				1CA6C1CFF872EEBF82BF7B0D /* Pods_Notes_Clone_Realm.framework */,
			);
			name = Frameworks;
			sourceTree = "<group>";
		};
		7BB0CFB8F603B632FF0F180A /* Pods */ = {
			isa = PBXGroup;
			children = (
				B863D8C803F61B7C0F197C80 /* Pods-Notes Clone Realm.debug.xcconfig */,
				EFB7511B4E7B16A5C30D22C8 /* Pods-Notes Clone Realm.release.xcconfig */,
			);
			path = Pods;
			sourceTree = "<group>";
		};
		A69D9DFD247193A20041FFFF = {
			isa = PBXGroup;
			children = (
				A69D9E08247193A20041FFFF /* Notes Clone */,
				A69D9E07247193A20041FFFF /* Products */,
				7BB0CFB8F603B632FF0F180A /* Pods */,
				0EF96B7F1619B5F1F463F27B /* Frameworks */,
			);
			sourceTree = "<group>";
		};
		A69D9E07247193A20041FFFF /* Products */ = {
			isa = PBXGroup;
			children = (
				A69D9E06247193A20041FFFF /* Notes Clone Realm.app */,
			);
			name = Products;
			sourceTree = "<group>";
		};
		A69D9E08247193A20041FFFF /* Notes Clone */ = {
			isa = PBXGroup;
			children = (
				A69D9E09247193A20041FFFF /* AppDelegate.swift */,
				A69D9E0B247193A20041FFFF /* SceneDelegate.swift */,
				A69D9E2624753AB90041FFFF /* Model */,
				A69D9E23247194980041FFFF /* View */,
				A69D9E22247194900041FFFF /* Controllers */,
				A69D9E27247555260041FFFF /* Supporting Files */,
				A69D9E1A247193A70041FFFF /* Info.plist */,
				A69D9E242471955A0041FFFF /* Constants.swift */,
			);
			path = "Notes Clone";
			sourceTree = "<group>";
		};
		A69D9E22247194900041FFFF /* Controllers */ = {
			isa = PBXGroup;
			children = (
				A69D9E202471947F0041FFFF /* NotesListViewController.swift */,
				A69D9E0D247193A20041FFFF /* NoteViewController.swift */,
			);
			path = Controllers;
			sourceTree = "<group>";
		};
		A69D9E23247194980041FFFF /* View */ = {
			isa = PBXGroup;
			children = (
				A69D9E0F247193A20041FFFF /* Main.storyboard */,
			);
			path = View;
			sourceTree = "<group>";
		};
		A69D9E2624753AB90041FFFF /* Model */ = {
			isa = PBXGroup;
			children = (
				A6BA8031248E8522001B4ED4 /* NotesList.swift */,
				A6BA8033248E8641001B4ED4 /* Note.swift */,
			);
			path = Model;
			sourceTree = "<group>";
		};
		A69D9E27247555260041FFFF /* Supporting Files */ = {
			isa = PBXGroup;
			children = (
				A69D9E15247193A70041FFFF /* Assets.xcassets */,
				A69D9E17247193A70041FFFF /* LaunchScreen.storyboard */,
			);
			path = "Supporting Files";
			sourceTree = "<group>";
		};
/* End PBXGroup section */

/* Begin PBXNativeTarget section */
		A69D9E05247193A20041FFFF /* Notes Clone Realm */ = {
			isa = PBXNativeTarget;
			buildConfigurationList = A69D9E1D247193A70041FFFF /* Build configuration list for PBXNativeTarget "Notes Clone Realm" */;
			buildPhases = (
				2E18BD34EB3391044ECBA1D8 /* [CP] Check Pods Manifest.lock */,
				A69D9E02247193A20041FFFF /* Sources */,
				A69D9E03247193A20041FFFF /* Frameworks */,
				A69D9E04247193A20041FFFF /* Resources */,
				61757164E4B26501CBD204D4 /* [CP] Embed Pods Frameworks */,
			);
			buildRules = (
			);
			dependencies = (
			);
			name = "Notes Clone Realm";
			productName = "Notes Clone";
			productReference = A69D9E06247193A20041FFFF /* Notes Clone Realm.app */;
			productType = "com.apple.product-type.application";
		};
/* End PBXNativeTarget section */

/* Begin PBXProject section */
		A69D9DFE247193A20041FFFF /* Project object */ = {
			isa = PBXProject;
			attributes = {
				LastSwiftUpdateCheck = 1140;
				LastUpgradeCheck = 1140;
				ORGANIZATIONNAME = "Rudolfs Locmelis";
				TargetAttributes = {
					A69D9E05247193A20041FFFF = {
						CreatedOnToolsVersion = 11.4.1;
					};
				};
			};
			buildConfigurationList = A69D9E01247193A20041FFFF /* Build configuration list for PBXProject "Notes Clone Realm" */;
			compatibilityVersion = "Xcode 9.3";
			developmentRegion = en;
			hasScannedForEncodings = 0;
			knownRegions = (
				en,
				Base,
			);
			mainGroup = A69D9DFD247193A20041FFFF;
			productRefGroup = A69D9E07247193A20041FFFF /* Products */;
			projectDirPath = "";
			projectRoot = "";
			targets = (
				A69D9E05247193A20041FFFF /* Notes Clone Realm */,
			);
		};
/* End PBXProject section */

/* Begin PBXResourcesBuildPhase section */
		A69D9E04247193A20041FFFF /* Resources */ = {
			isa = PBXResourcesBuildPhase;
			buildActionMask = 2147483647;
			files = (
				A69D9E19247193A70041FFFF /* LaunchScreen.storyboard in Resources */,
				A69D9E16247193A70041FFFF /* Assets.xcassets in Resources */,
				A69D9E11247193A20041FFFF /* Main.storyboard in Resources */,
			);
			runOnlyForDeploymentPostprocessing = 0;
		};
/* End PBXResourcesBuildPhase section */

/* Begin PBXShellScriptBuildPhase section */
		2E18BD34EB3391044ECBA1D8 /* [CP] Check Pods Manifest.lock */ = {
			isa = PBXShellScriptBuildPhase;
			buildActionMask = 2147483647;
			files = (
			);
			inputFileListPaths = (
			);
			inputPaths = (
				"${PODS_PODFILE_DIR_PATH}/Podfile.lock",
				"${PODS_ROOT}/Manifest.lock",
			);
			name = "[CP] Check Pods Manifest.lock";
			outputFileListPaths = (
			);
			outputPaths = (
				"$(DERIVED_FILE_DIR)/Pods-Notes Clone Realm-checkManifestLockResult.txt",
			);
			runOnlyForDeploymentPostprocessing = 0;
			shellPath = /bin/sh;
			shellScript = "diff \"${PODS_PODFILE_DIR_PATH}/Podfile.lock\" \"${PODS_ROOT}/Manifest.lock\" > /dev/null\nif [ $? != 0 ] ; then\n    # print error to STDERR\n    echo \"error: The sandbox is not in sync with the Podfile.lock. Run 'pod install' or update your CocoaPods installation.\" >&2\n    exit 1\nfi\n# This output is used by Xcode 'outputs' to avoid re-running this script phase.\necho \"SUCCESS\" > \"${SCRIPT_OUTPUT_FILE_0}\"\n";
			showEnvVarsInLog = 0;
		};
		61757164E4B26501CBD204D4 /* [CP] Embed Pods Frameworks */ = {
			isa = PBXShellScriptBuildPhase;
			buildActionMask = 2147483647;
			files = (
			);
			inputFileListPaths = (
				"${PODS_ROOT}/Target Support Files/Pods-Notes Clone Realm/Pods-Notes Clone Realm-frameworks-${CONFIGURATION}-input-files.xcfilelist",
			);
			name = "[CP] Embed Pods Frameworks";
			outputFileListPaths = (
				"${PODS_ROOT}/Target Support Files/Pods-Notes Clone Realm/Pods-Notes Clone Realm-frameworks-${CONFIGURATION}-output-files.xcfilelist",
			);
			runOnlyForDeploymentPostprocessing = 0;
			shellPath = /bin/sh;
			shellScript = "\"${PODS_ROOT}/Target Support Files/Pods-Notes Clone Realm/Pods-Notes Clone Realm-frameworks.sh\"\n";
			showEnvVarsInLog = 0;
		};
/* End PBXShellScriptBuildPhase section */

/* Begin PBXSourcesBuildPhase section */
		A69D9E02247193A20041FFFF /* Sources */ = {
			isa = PBXSourcesBuildPhase;
			buildActionMask = 2147483647;
			files = (
				A69D9E0E247193A20041FFFF /* NoteViewController.swift in Sources */,
				A69D9E0A247193A20041FFFF /* AppDelegate.swift in Sources */,
				A6BA8034248E8641001B4ED4 /* Note.swift in Sources */,
				A69D9E0C247193A20041FFFF /* SceneDelegate.swift in Sources */,
				A69D9E212471947F0041FFFF /* NotesListViewController.swift in Sources */,
				A69D9E252471955A0041FFFF /* Constants.swift in Sources */,
				A6BA8032248E8522001B4ED4 /* NotesList.swift in Sources */,
			);
			runOnlyForDeploymentPostprocessing = 0;
		};
/* End PBXSourcesBuildPhase section */

/* Begin PBXVariantGroup section */
		A69D9E0F247193A20041FFFF /* Main.storyboard */ = {
			isa = PBXVariantGroup;
			children = (
				A69D9E10247193A20041FFFF /* Base */,
			);
			name = Main.storyboard;
			sourceTree = "<group>";
		};
		A69D9E17247193A70041FFFF /* LaunchScreen.storyboard */ = {
			isa = PBXVariantGroup;
			children = (
				A69D9E18247193A70041FFFF /* Base */,
			);
			name = LaunchScreen.storyboard;
			sourceTree = "<group>";
		};
/* End PBXVariantGroup section */

/* Begin XCBuildConfiguration section */
		A69D9E1B247193A70041FFFF /* Debug */ = {
			isa = XCBuildConfiguration;
			buildSettings = {
				ALWAYS_SEARCH_USER_PATHS = NO;
				CLANG_ANALYZER_NONNULL = YES;
				CLANG_ANALYZER_NUMBER_OBJECT_CONVERSION = YES_AGGRESSIVE;
				CLANG_CXX_LANGUAGE_STANDARD = "gnu++14";
				CLANG_CXX_LIBRARY = "libc++";
				CLANG_ENABLE_MODULES = YES;
				CLANG_ENABLE_OBJC_ARC = YES;
				CLANG_ENABLE_OBJC_WEAK = YES;
				CLANG_WARN_BLOCK_CAPTURE_AUTORELEASING = YES;
				CLANG_WARN_BOOL_CONVERSION = YES;
				CLANG_WARN_COMMA = YES;
				CLANG_WARN_CONSTANT_CONVERSION = YES;
				CLANG_WARN_DEPRECATED_OBJC_IMPLEMENTATIONS = YES;
				CLANG_WARN_DIRECT_OBJC_ISA_USAGE = YES_ERROR;
				CLANG_WARN_DOCUMENTATION_COMMENTS = YES;
				CLANG_WARN_EMPTY_BODY = YES;
				CLANG_WARN_ENUM_CONVERSION = YES;
				CLANG_WARN_INFINITE_RECURSION = YES;
				CLANG_WARN_INT_CONVERSION = YES;
				CLANG_WARN_NON_LITERAL_NULL_CONVERSION = YES;
				CLANG_WARN_OBJC_IMPLICIT_RETAIN_SELF = YES;
				CLANG_WARN_OBJC_LITERAL_CONVERSION = YES;
				CLANG_WARN_OBJC_ROOT_CLASS = YES_ERROR;
				CLANG_WARN_RANGE_LOOP_ANALYSIS = YES;
				CLANG_WARN_STRICT_PROTOTYPES = YES;
				CLANG_WARN_SUSPICIOUS_MOVE = YES;
				CLANG_WARN_UNGUARDED_AVAILABILITY = YES_AGGRESSIVE;
				CLANG_WARN_UNREACHABLE_CODE = YES;
				CLANG_WARN__DUPLICATE_METHOD_MATCH = YES;
				COPY_PHASE_STRIP = NO;
				DEBUG_INFORMATION_FORMAT = dwarf;
				ENABLE_STRICT_OBJC_MSGSEND = YES;
				ENABLE_TESTABILITY = YES;
				GCC_C_LANGUAGE_STANDARD = gnu11;
				GCC_DYNAMIC_NO_PIC = NO;
				GCC_NO_COMMON_BLOCKS = YES;
				GCC_OPTIMIZATION_LEVEL = 0;
				GCC_PREPROCESSOR_DEFINITIONS = (
					"DEBUG=1",
					"$(inherited)",
				);
				GCC_WARN_64_TO_32_BIT_CONVERSION = YES;
				GCC_WARN_ABOUT_RETURN_TYPE = YES_ERROR;
				GCC_WARN_UNDECLARED_SELECTOR = YES;
				GCC_WARN_UNINITIALIZED_AUTOS = YES_AGGRESSIVE;
				GCC_WARN_UNUSED_FUNCTION = YES;
				GCC_WARN_UNUSED_VARIABLE = YES;
				IPHONEOS_DEPLOYMENT_TARGET = 13.4;
				MTL_ENABLE_DEBUG_INFO = INCLUDE_SOURCE;
				MTL_FAST_MATH = YES;
				ONLY_ACTIVE_ARCH = YES;
				SDKROOT = iphoneos;
				SWIFT_ACTIVE_COMPILATION_CONDITIONS = DEBUG;
				SWIFT_OPTIMIZATION_LEVEL = "-Onone";
			};
			name = Debug;
		};
		A69D9E1C247193A70041FFFF /* Release */ = {
			isa = XCBuildConfiguration;
			buildSettings = {
				ALWAYS_SEARCH_USER_PATHS = NO;
				CLANG_ANALYZER_NONNULL = YES;
				CLANG_ANALYZER_NUMBER_OBJECT_CONVERSION = YES_AGGRESSIVE;
				CLANG_CXX_LANGUAGE_STANDARD = "gnu++14";
				CLANG_CXX_LIBRARY = "libc++";
				CLANG_ENABLE_MODULES = YES;
				CLANG_ENABLE_OBJC_ARC = YES;
				CLANG_ENABLE_OBJC_WEAK = YES;
				CLANG_WARN_BLOCK_CAPTURE_AUTORELEASING = YES;
				CLANG_WARN_BOOL_CONVERSION = YES;
				CLANG_WARN_COMMA = YES;
				CLANG_WARN_CONSTANT_CONVERSION = YES;
				CLANG_WARN_DEPRECATED_OBJC_IMPLEMENTATIONS = YES;
				CLANG_WARN_DIRECT_OBJC_ISA_USAGE = YES_ERROR;
				CLANG_WARN_DOCUMENTATION_COMMENTS = YES;
				CLANG_WARN_EMPTY_BODY = YES;
				CLANG_WARN_ENUM_CONVERSION = YES;
				CLANG_WARN_INFINITE_RECURSION = YES;
				CLANG_WARN_INT_CONVERSION = YES;
				CLANG_WARN_NON_LITERAL_NULL_CONVERSION = YES;
				CLANG_WARN_OBJC_IMPLICIT_RETAIN_SELF = YES;
				CLANG_WARN_OBJC_LITERAL_CONVERSION = YES;
				CLANG_WARN_OBJC_ROOT_CLASS = YES_ERROR;
				CLANG_WARN_RANGE_LOOP_ANALYSIS = YES;
				CLANG_WARN_STRICT_PROTOTYPES = YES;
				CLANG_WARN_SUSPICIOUS_MOVE = YES;
				CLANG_WARN_UNGUARDED_AVAILABILITY = YES_AGGRESSIVE;
				CLANG_WARN_UNREACHABLE_CODE = YES;
				CLANG_WARN__DUPLICATE_METHOD_MATCH = YES;
				COPY_PHASE_STRIP = NO;
				DEBUG_INFORMATION_FORMAT = "dwarf-with-dsym";
				ENABLE_NS_ASSERTIONS = NO;
				ENABLE_STRICT_OBJC_MSGSEND = YES;
				GCC_C_LANGUAGE_STANDARD = gnu11;
				GCC_NO_COMMON_BLOCKS = YES;
				GCC_WARN_64_TO_32_BIT_CONVERSION = YES;
				GCC_WARN_ABOUT_RETURN_TYPE = YES_ERROR;
				GCC_WARN_UNDECLARED_SELECTOR = YES;
				GCC_WARN_UNINITIALIZED_AUTOS = YES_AGGRESSIVE;
				GCC_WARN_UNUSED_FUNCTION = YES;
				GCC_WARN_UNUSED_VARIABLE = YES;
				IPHONEOS_DEPLOYMENT_TARGET = 13.4;
				MTL_ENABLE_DEBUG_INFO = NO;
				MTL_FAST_MATH = YES;
				SDKROOT = iphoneos;
				SWIFT_COMPILATION_MODE = wholemodule;
				SWIFT_OPTIMIZATION_LEVEL = "-O";
				VALIDATE_PRODUCT = YES;
			};
			name = Release;
		};
		A69D9E1E247193A70041FFFF /* Debug */ = {
			isa = XCBuildConfiguration;
			baseConfigurationReference = B863D8C803F61B7C0F197C80 /* Pods-Notes Clone Realm.debug.xcconfig */;
			buildSettings = {
				ASSETCATALOG_COMPILER_APPICON_NAME = AppIcon;
				CODE_SIGN_STYLE = Automatic;
				DEVELOPMENT_TEAM = V994D8Z5VR;
				INFOPLIST_FILE = "Notes Clone/Info.plist";
				LD_RUNPATH_SEARCH_PATHS = (
					"$(inherited)",
					"@executable_path/Frameworks",
				);
				PRODUCT_BUNDLE_IDENTIFIER = "com.rudolfslocmelis.Notes-Clone-Realm";
				PRODUCT_NAME = "Notes Clone Realm";
				SWIFT_VERSION = 5.0;
				TARGETED_DEVICE_FAMILY = "1,2";
			};
			name = Debug;
		};
		A69D9E1F247193A70041FFFF /* Release */ = {
			isa = XCBuildConfiguration;
			baseConfigurationReference = EFB7511B4E7B16A5C30D22C8 /* Pods-Notes Clone Realm.release.xcconfig */;
			buildSettings = {
				ASSETCATALOG_COMPILER_APPICON_NAME = AppIcon;
				CODE_SIGN_STYLE = Automatic;
				DEVELOPMENT_TEAM = V994D8Z5VR;
				INFOPLIST_FILE = "Notes Clone/Info.plist";
				LD_RUNPATH_SEARCH_PATHS = (
					"$(inherited)",
					"@executable_path/Frameworks",
				);
				PRODUCT_BUNDLE_IDENTIFIER = "com.rudolfslocmelis.Notes-Clone-Realm";
				PRODUCT_NAME = "Notes Clone Realm";
				SWIFT_VERSION = 5.0;
				TARGETED_DEVICE_FAMILY = "1,2";
			};
			name = Release;
		};
/* End XCBuildConfiguration section */

/* Begin XCConfigurationList section */
		A69D9E01247193A20041FFFF /* Build configuration list for PBXProject "Notes Clone Realm" */ = {
			isa = XCConfigurationList;
			buildConfigurations = (
				A69D9E1B247193A70041FFFF /* Debug */,
				A69D9E1C247193A70041FFFF /* Release */,
			);
			defaultConfigurationIsVisible = 0;
			defaultConfigurationName = Release;
		};
		A69D9E1D247193A70041FFFF /* Build configuration list for PBXNativeTarget "Notes Clone Realm" */ = {
			isa = XCConfigurationList;
			buildConfigurations = (
				A69D9E1E247193A70041FFFF /* Debug */,
				A69D9E1F247193A70041FFFF /* Release */,
			);
			defaultConfigurationIsVisible = 0;
			defaultConfigurationName = Release;
		};
/* End XCConfigurationList section */
	};
	rootObject = A69D9DFE247193A20041FFFF /* Project object */;
}
